
Microsoft Visual Studio Solution File, Format Version 12.00
# Visual Studio Version 17
VisualStudioVersion = 17.3.32901.215
MinimumVisualStudioVersion = 10.0.40219.1
Project("{9A19103F-16F7-4668-BE54-9A1E7A4F7556}") = "E-Exam", "E-Exam\E-Exam.csproj", "{003FBED7-DEF3-4AC3-9DAC-B0906C6CABDD}"
EndProject
Project("{9A19103F-16F7-4668-BE54-9A1E7A4F7556}") = "E-Exam.Core", "E-Exam.Core\E-Exam.Core.csproj", "{CF97F30E-A07C-4EC6-AA35-ECEE02CE7BF8}"
EndProject
Project("{9A19103F-16F7-4668-BE54-9A1E7A4F7556}") = "E-Exam.EF", "E-Exam.EF\E-Exam.EF.csproj", "{D6EFF1AA-2337-4DD2-B5F3-2D5A1DA024BD}"
EndProject
Global
	GlobalSection(SolutionConfigurationPlatforms) = preSolution
		Debug|Any CPU = Debug|Any CPU
		Release|Any CPU = Release|Any CPU
	EndGlobalSection
	GlobalSection(ProjectConfigurationPlatforms) = postSolution
		{003FBED7-DEF3-4AC3-9DAC-B0906C6CABDD}.Debug|Any CPU.ActiveCfg = Debug|Any CPU
		{003FBED7-DEF3-4AC3-9DAC-B0906C6CABDD}.Debug|Any CPU.Build.0 = Debug|Any CPU
		{003FBED7-DEF3-4AC3-9DAC-B0906C6CABDD}.Release|Any CPU.ActiveCfg = Release|Any CPU
		{003FBED7-DEF3-4AC3-9DAC-B0906C6CABDD}.Release|Any CPU.Build.0 = Release|Any CPU
		{CF97F30E-A07C-4EC6-AA35-ECEE02CE7BF8}.Debug|Any CPU.ActiveCfg = Debug|Any CPU
		{CF97F30E-A07C-4EC6-AA35-ECEE02CE7BF8}.Debug|Any CPU.Build.0 = Debug|Any CPU
		{CF97F30E-A07C-4EC6-AA35-ECEE02CE7BF8}.Release|Any CPU.ActiveCfg = Release|Any CPU
		{CF97F30E-A07C-4EC6-AA35-ECEE02CE7BF8}.Release|Any CPU.Build.0 = Release|Any CPU
		{D6EFF1AA-2337-4DD2-B5F3-2D5A1DA024BD}.Debug|Any CPU.ActiveCfg = Debug|Any CPU
		{D6EFF1AA-2337-4DD2-B5F3-2D5A1DA024BD}.Debug|Any CPU.Build.0 = Debug|Any CPU
		{D6EFF1AA-2337-4DD2-B5F3-2D5A1DA024BD}.Release|Any CPU.ActiveCfg = Release|Any CPU
		{D6EFF1AA-2337-4DD2-B5F3-2D5A1DA024BD}.Release|Any CPU.Build.0 = Release|Any CPU
	EndGlobalSection
	GlobalSection(SolutionProperties) = preSolution
		HideSolutionNode = FALSE
	EndGlobalSection
	GlobalSection(ExtensibilityGlobals) = postSolution
		SolutionGuid = {DC8AE517-1799-4CEC-BAE7-D34C8D5E4CBD}
	EndGlobalSection
EndGlobal
